dependencies:
- name: postgresql
  repository: oci://registry-1.docker.io/bitnamicharts
  version: 18.12.4
- name: authentik-remote-cluster
  repository: https://charts.goauthentik.io
  version: 2.1.0
digest: sha256:39231e2ab0276900eaf7deae36c3ca30f457ed620ac39a2ddb738beddb1b0b3d
generated: "2026-09-28T01:10:13.089126494Z"
