dependencies:
- name: common
  repository: https://bjw-s-labs.github.io/helm-charts
  version: 5.2.1
- name: meilisearch
  repository: https://meilisearch.github.io/meilisearch-kubernetes
  version: 0.40.0
digest: sha256:9c53d1229a4f788bf4a881b20de6a548f9c9341d4f97468c8f49f69f0deda2fb
generated: "2026-09-27T13:29:51.526012455Z"
